
Microsoft Visual Studio Solution File, Format Version 12.00
# Visual Studio 15
VisualStudioVersion = 15.0.27004.2005
MinimumVisualStudioVersion = 10.0.40219.1
Project("{FAE04EC0-301F-11D3-BF4B-00C04F79EFBC}") = "HOTEL_BOOKING", "HOTEL_BOOKING\HOTEL_BOOKING.csproj", "{2EFD30CC-D85C-4CA5-ADFC-45ABDA2F9987}"
EndProject
Global
	GlobalSection(SolutionConfigurationPlatforms) = preSolution
		Debug|Any CPU = Debug|Any CPU
		Release|Any CPU = Release|Any CPU
	EndGlobalSection
	GlobalSection(ProjectConfigurationPlatforms) = postSolution
		{2EFD30CC-D85C-4CA5-ADFC-45ABDA2F9987}.Debug|Any CPU.ActiveCfg = Debug|Any CPU
		{2EFD30CC-D85C-4CA5-ADFC-45ABDA2F9987}.Debug|Any CPU.Build.0 = Debug|Any CPU
		{2EFD30CC-D85C-4CA5-ADFC-45ABDA2F9987}.Release|Any CPU.ActiveCfg = Release|Any CPU
		{2EFD30CC-D85C-4CA5-ADFC-45ABDA2F9987}.Release|Any CPU.Build.0 = Release|Any CPU
	EndGlobalSection
	GlobalSection(SolutionProperties) = preSolution
		HideSolutionNode = FALSE
	EndGlobalSection
	GlobalSection(ExtensibilityGlobals) = postSolution
		SolutionGuid = {5FE8C088-D00C-4DF8-87F5-80092045397C}
	EndGlobalSection
EndGlobal
